
Microsoft Visual Studio Solution File, Format Version 12.00
# Visual Studio Version 17
VisualStudioVersion = 17.5.33502.453
MinimumVisualStudioVersion = 10.0.40219.1
Project("{FAE04EC0-301F-11D3-BF4B-00C04F79EFBC}") = "Discord.Bot", "Discord.Bot\Discord.Bot.csproj", "{77D65492-4853-4620-8F99-16318F3242A1}"
EndProject
Global
	GlobalSection(SolutionConfigurationPlatforms) = preSolution
		Debug|Any CPU = Debug|Any CPU
		Release|Any CPU = Release|Any CPU
	EndGlobalSection
	GlobalSection(ProjectConfigurationPlatforms) = postSolution
		{77D65492-4853-4620-8F99-16318F3242A1}.Debug|Any CPU.ActiveCfg = Debug|Any CPU
		{77D65492-4853-4620-8F99-16318F3242A1}.Debug|Any CPU.Build.0 = Debug|Any CPU
		{77D65492-4853-4620-8F99-16318F3242A1}.Release|Any CPU.ActiveCfg = Release|Any CPU
		{77D65492-4853-4620-8F99-16318F3242A1}.Release|Any CPU.Build.0 = Release|Any CPU
	EndGlobalSection
	GlobalSection(SolutionProperties) = preSolution
		HideSolutionNode = FALSE
	EndGlobalSection
	GlobalSection(ExtensibilityGlobals) = postSolution
		SolutionGuid = {05A0CCB3-9289-4232-85B0-851C54591750}
	EndGlobalSection
EndGlobal
